lockfileVersion: 5.4

importers:

  .:
    specifiers: {}

  packages/@astcenc/darwin-arm64:
    specifiers: {}

  packages/@astcenc/darwin-x64:
    specifiers: {}

  packages/@astcenc/linux-x64:
    specifiers: {}

  packages/astcenc:
    specifiers:
      '@astcenc/darwin-arm64': 4.3.1-alpha
      '@astcenc/darwin-x64': 4.3.1-alpha
      '@astcenc/linux-x64': 4.3.1-alpha
      '@types/node': ^18.11.18
      resolve-bin: ^1.0.1
    dependencies:
      resolve-bin: 1.0.1
    optionalDependencies:
      '@astcenc/darwin-arm64': link:../@astcenc/darwin-arm64
      '@astcenc/darwin-x64': link:../@astcenc/darwin-x64
      '@astcenc/linux-x64': link:../@astcenc/linux-x64
    devDependencies:
      '@types/node': 18.11.18

packages:

  /@types/node/18.11.18:
    resolution: {integrity: sha512-DHQpWGjyQKSHj3ebjFI/wRKcqQcdR+MoFBygntYOZytCqNfkd2ZC4ARDJ2DQqhjH5p85Nnd3jhUJIXrszFX/JA==}
    dev: true

  /find-parent-dir/0.3.1:
    resolution: {integrity: sha512-o4UcykWV/XN9wm+jMEtWLPlV8RXCZnMhQI6F6OdHeSez7iiJWePw8ijOlskJZMsaQoGR/b7dH6lO02HhaTN7+A==}
    dev: false

  /resolve-bin/1.0.1:
    resolution: {integrity: sha512-4G9C3udcDB1c9qaopB+9dygm2bMyF2LeJ2JHBIc24N7ob+UuSSwX3ID1hQwpDEQep9ZRNdhT//rgEd6xbWA/SA==}
    dependencies:
      find-parent-dir: 0.3.1
    dev: false
