# THIS IS AN AUTOGENERATED FILE. DO NOT EDIT THIS FILE DIRECTLY.
# yarn lockfile v1


"@types/node@^18.11.18":
  version "18.11.18"
  resolved "https://registry.yarnpkg.com/@types/node/-/node-18.11.18.tgz#8dfb97f0da23c2293e554c5a50d61ef134d7697f"
  integrity sha512-DHQpWGjyQKSHj3ebjFI/wRKcqQcdR+MoFBygntYOZytCqNfkd2ZC4ARDJ2DQqhjH5p85Nnd3jhUJIXrszFX/JA==

find-parent-dir@~0.3.0:
  version "0.3.1"
  resolved "https://registry.yarnpkg.com/find-parent-dir/-/find-parent-dir-0.3.1.tgz#c5c385b96858c3351f95d446cab866cbf9f11125"
  integrity sha512-o4UcykWV/XN9wm+jMEtWLPlV8RXCZnMhQI6F6OdHeSez7iiJWePw8ijOlskJZMsaQoGR/b7dH6lO02HhaTN7+A==

resolve-bin@^1.0.1:
  version "1.0.1"
  resolved "https://registry.yarnpkg.com/resolve-bin/-/resolve-bin-1.0.1.tgz#795255591443e7007b21f2eadd8baa39b7378e50"
  integrity sha512-4G9C3udcDB1c9qaopB+9dygm2bMyF2LeJ2JHBIc24N7ob+UuSSwX3ID1hQwpDEQep9ZRNdhT//rgEd6xbWA/SA==
  dependencies:
    find-parent-dir "~0.3.0"
